# This file is automatically @generated by Cargo.
# It is not intended for manual editing.
version = 4

[[package]]
name = "compiler"
version = "0.1.0"
dependencies = [
 "frontend",
 "runtime",
]

[[package]]
name = "frontend"
version = "0.1.0"
dependencies = [
 "frontend",
 "owo-colors",
]

[[package]]
name = "op"
version = "0.1.0"
dependencies = [
 "compiler",
 "frontend",
 "owo-colors",
 "runtime",
]

[[package]]
name = "owo-colors"
version = "4.3.0"
source = "registry+https://github.com/rust-lang/crates.io-index"
checksum = "d211803b9b6b570f68772237e415a029d5a50c65d382910b879fb19d3271f94d"

[[package]]
name = "runtime"
version = "0.1.0"
